
Microsoft Visual Studio Solution File, Format Version 12.00
# Visual Studio 15
VisualStudioVersion = 15.0.34031.82
MinimumVisualStudioVersion = 10.0.40219.1
Project("{FAE04EC0-301F-11D3-BF4B-00C04F79EFBC}") = "WindowsFormsApp1", "WindowsFormsApp1\WindowsFormsApp1.csproj", "{3DBFE7FB-303A-4F98-B960-5B6A139CFC08}"
EndProject
Global
	GlobalSection(SolutionConfigurationPlatforms) = preSolution
		Debug|Any CPU = Debug|Any CPU
		Release|Any CPU = Release|Any CPU
	EndGlobalSection
	GlobalSection(ProjectConfigurationPlatforms) = postSolution
		{3DBFE7FB-303A-4F98-B960-5B6A139CFC08}.Debug|Any CPU.ActiveCfg = Debug|Any CPU
		{3DBFE7FB-303A-4F98-B960-5B6A139CFC08}.Debug|Any CPU.Build.0 = Debug|Any CPU
		{3DBFE7FB-303A-4F98-B960-5B6A139CFC08}.Release|Any CPU.ActiveCfg = Release|Any CPU
		{3DBFE7FB-303A-4F98-B960-5B6A139CFC08}.Release|Any CPU.Build.0 = Release|Any CPU
	EndGlobalSection
	GlobalSection(SolutionProperties) = preSolution
		HideSolutionNode = FALSE
	EndGlobalSection
	GlobalSection(ExtensibilityGlobals) = postSolution
		SolutionGuid = {9A4E1211-C15F-4F60-82F9-493D714649DB}
	EndGlobalSection
EndGlobal
